
Microsoft Visual Studio Solution File, Format Version 12.00
# Visual Studio Version 17
VisualStudioVersion = 17.0.31919.166
MinimumVisualStudioVersion = 10.0.40219.1
Project("{FAE04EC0-301F-11D3-BF4B-00C04F79EFBC}") = "ManagementCollege", "ManagementCollege.csproj", "{AC47DD75-8C2F-4550-B53D-6E0E8543209C}"
EndProject
Global
	GlobalSection(SolutionConfigurationPlatforms) = preSolution
		Debug|Any CPU = Debug|Any CPU
		Release|Any CPU = Release|Any CPU
	EndGlobalSection
	GlobalSection(ProjectConfigurationPlatforms) = postSolution
		{AC47DD75-8C2F-4550-B53D-6E0E8543209C}.Debug|Any CPU.ActiveCfg = Debug|Any CPU
		{AC47DD75-8C2F-4550-B53D-6E0E8543209C}.Debug|Any CPU.Build.0 = Debug|Any CPU
		{AC47DD75-8C2F-4550-B53D-6E0E8543209C}.Release|Any CPU.ActiveCfg = Release|Any CPU
		{AC47DD75-8C2F-4550-B53D-6E0E8543209C}.Release|Any CPU.Build.0 = Release|Any CPU
	EndGlobalSection
	GlobalSection(SolutionProperties) = preSolution
		HideSolutionNode = FALSE
	EndGlobalSection
	GlobalSection(ExtensibilityGlobals) = postSolution
		SolutionGuid = {35816478-1B6F-4C69-A296-76B487A96F8C}
	EndGlobalSection
EndGlobal
